# This file was autogenerated by uv via the following command:
#    uv pip compile packages/nemoclaw-hermes/fabric/adapter-requirements.in --generate-hashes --python-version 3.13 --python-platform x86_64-manylinux_2_28 --prerelease disallow --exclude-newer 2026-08-29T00:00:00Z -o packages/nemoclaw-hermes/fabric/adapter-requirements.lock
nemo-fabric-adapter-contract==0.2.0 \
    --hash=sha256:3783f781432382adb2d782384dc1ab367093d0bcf7ff33c2857a93f831dd5921
    # via
    #   nemo-fabric-adapters-common
    #   nemo-fabric-adapters-hermes
nemo-fabric-adapters-common==0.2.0 \
    --hash=sha256:b11448e83236a71ee0dfc1b7421ebf80cf9fca4ee8fc5414daf547c1859dfd5a
    # via nemo-fabric-adapters-hermes
nemo-fabric-adapters-hermes==0.2.0 \
    --hash=sha256:d7c0c522a069545b6a0e49e3e84b320caddb11db02584a992486a8d938ac0ae0
    # via -r packages/nemoclaw-hermes/fabric/adapter-requirements.in
